
Microsoft Visual Studio Solution File, Format Version 12.00
# Visual Studio Version 17
VisualStudioVersion = 17.6.33723.286
MinimumVisualStudioVersion = 10.0.40219.1
Project("{FAE04EC0-301F-11D3-BF4B-00C04F79EFBC}") = "AppFinancas", "AppFinancas\AppFinancas.csproj", "{C5B4113F-66C5-4736-AE05-1BE4FCD5CF7A}"
EndProject
Global
	GlobalSection(SolutionConfigurationPlatforms) = preSolution
		Debug|Any CPU = Debug|Any CPU
		Release|Any CPU = Release|Any CPU
	EndGlobalSection
	GlobalSection(ProjectConfigurationPlatforms) = postSolution
		{C5B4113F-66C5-4736-AE05-1BE4FCD5CF7A}.Debug|Any CPU.ActiveCfg = Debug|Any CPU
		{C5B4113F-66C5-4736-AE05-1BE4FCD5CF7A}.Debug|Any CPU.Build.0 = Debug|Any CPU
		{C5B4113F-66C5-4736-AE05-1BE4FCD5CF7A}.Release|Any CPU.ActiveCfg = Release|Any CPU
		{C5B4113F-66C5-4736-AE05-1BE4FCD5CF7A}.Release|Any CPU.Build.0 = Release|Any CPU
	EndGlobalSection
	GlobalSection(SolutionProperties) = preSolution
		HideSolutionNode = FALSE
	EndGlobalSection
	GlobalSection(ExtensibilityGlobals) = postSolution
		SolutionGuid = {B9CF95E5-6CA9-4D35-B873-87B5FB99D701}
	EndGlobalSection
EndGlobal
